
Microsoft Visual Studio Solution File, Format Version 12.00
# Visual Studio 15
VisualStudioVersion = 15.0.28307.421
MinimumVisualStudioVersion = 10.0.40219.1
Project("{FAE04EC0-301F-11D3-BF4B-00C04F79EFBC}") = "Final Exam Review", "Final Exam Review\Final Exam Review.csproj", "{DFEE345F-A957-4A87-99A7-1701FF0DA86E}"
EndProject
Global
	GlobalSection(SolutionConfigurationPlatforms) = preSolution
		Debug|Any CPU = Debug|Any CPU
		Release|Any CPU = Release|Any CPU
	EndGlobalSection
	GlobalSection(ProjectConfigurationPlatforms) = postSolution
		{DFEE345F-A957-4A87-99A7-1701FF0DA86E}.Debug|Any CPU.ActiveCfg = Debug|Any CPU
		{DFEE345F-A957-4A87-99A7-1701FF0DA86E}.Debug|Any CPU.Build.0 = Debug|Any CPU
		{DFEE345F-A957-4A87-99A7-1701FF0DA86E}.Release|Any CPU.ActiveCfg = Release|Any CPU
		{DFEE345F-A957-4A87-99A7-1701FF0DA86E}.Release|Any CPU.Build.0 = Release|Any CPU
	EndGlobalSection
	GlobalSection(SolutionProperties) = preSolution
		HideSolutionNode = FALSE
	EndGlobalSection
	GlobalSection(ExtensibilityGlobals) = postSolution
		SolutionGuid = {F8400C2D-870F-4BB2-BFC0-64484AD9435B}
	EndGlobalSection
EndGlobal
